
Microsoft Visual Studio Solution File, Format Version 12.00
Project("{FAE04EC0-301F-11D3-BF4B-00C04F79EFBC}") = "hello_world", "hello_world\hello_world.csproj", "{F04506A4-4480-4BB0-BE3F-B39D66780BEF}"
EndProject
Global
	GlobalSection(SolutionConfigurationPlatforms) = preSolution
		Debug|Any CPU = Debug|Any CPU
		Release|Any CPU = Release|Any CPU
	EndGlobalSection
	GlobalSection(ProjectConfigurationPlatforms) = postSolution
		{F04506A4-4480-4BB0-BE3F-B39D66780BEF}.Debug|Any CPU.ActiveCfg = Debug|Any CPU
		{F04506A4-4480-4BB0-BE3F-B39D66780BEF}.Debug|Any CPU.Build.0 = Debug|Any CPU
		{F04506A4-4480-4BB0-BE3F-B39D66780BEF}.Release|Any CPU.ActiveCfg = Release|Any CPU
		{F04506A4-4480-4BB0-BE3F-B39D66780BEF}.Release|Any CPU.Build.0 = Release|Any CPU
	EndGlobalSection
EndGlobal
